
Microsoft Visual Studio Solution File, Format Version 12.00
# Visual Studio 14
VisualStudioVersion = 14.0.25420.1
MinimumVisualStudioVersion = 10.0.40219.1
Project("{8BC9CEB8-8B4A-11D0-8D11-00A0C91BC942}") = "scratchapixel", "scratchapixel\scratchapixel.vcxproj", "{B339A577-32CA-4ABB-B591-69F2BBCE62F7}"
EndProject
Project("{8BC9CEB8-8B4A-11D0-8D11-00A0C91BC942}") = "smallpt", "smallpt\smallpt.vcxproj", "{16AA8B93-9809-41D7-B313-08B7DB7BCD62}"
EndProject
Project("{8BC9CEB8-8B4A-11D0-8D11-00A0C91BC942}") = "Andrew Kensler", "Andrew Kensler\Andrew Kensler.vcxproj", "{54BA8CE4-5030-44FA-99E4-FF7AFD3434C4}"
EndProject
Project("{8BC9CEB8-8B4A-11D0-8D11-00A0C91BC942}") = "raytracer", "raytracer\raytracer.vcxproj", "{3E016AA9-D139-4294-A8C1-41658492DD06}"
EndProject
Global
	GlobalSection(SolutionConfigurationPlatforms) = preSolution
		Debug|x64 = Debug|x64
		Debug|x86 = Debug|x86
		Release|x64 = Release|x64
		Release|x86 = Release|x86
	EndGlobalSection
	GlobalSection(ProjectConfigurationPlatforms) = postSolution
		{B339A577-32CA-4ABB-B591-69F2BBCE62F7}.Debug|x64.ActiveCfg = Debug|x64
		{B339A577-32CA-4ABB-B591-69F2BBCE62F7}.Debug|x64.Build.0 = Debug|x64
		{B339A577-32CA-4ABB-B591-69F2BBCE62F7}.Debug|x86.ActiveCfg = Debug|Win32
		{B339A577-32CA-4ABB-B591-69F2BBCE62F7}.Debug|x86.Build.0 = Debug|Win32
		{B339A577-32CA-4ABB-B591-69F2BBCE62F7}.Release|x64.ActiveCfg = Release|x64
		{B339A577-32CA-4ABB-B591-69F2BBCE62F7}.Release|x64.Build.0 = Release|x64
		{B339A577-32CA-4ABB-B591-69F2BBCE62F7}.Release|x86.ActiveCfg = Release|Win32
		{B339A577-32CA-4ABB-B591-69F2BBCE62F7}.Release|x86.Build.0 = Release|Win32
		{16AA8B93-9809-41D7-B313-08B7DB7BCD62}.Debug|x64.ActiveCfg = Debug|x64
		{16AA8B93-9809-41D7-B313-08B7DB7BCD62}.Debug|x64.Build.0 = Debug|x64
		{16AA8B93-9809-41D7-B313-08B7DB7BCD62}.Debug|x86.ActiveCfg = Debug|Win32
		{16AA8B93-9809-41D7-B313-08B7DB7BCD62}.Debug|x86.Build.0 = Debug|Win32
		{16AA8B93-9809-41D7-B313-08B7DB7BCD62}.Release|x64.ActiveCfg = Release|x64
		{16AA8B93-9809-41D7-B313-08B7DB7BCD62}.Release|x64.Build.0 = Release|x64
		{16AA8B93-9809-41D7-B313-08B7DB7BCD62}.Release|x86.ActiveCfg = Release|Win32
		{16AA8B93-9809-41D7-B313-08B7DB7BCD62}.Release|x86.Build.0 = Release|Win32
		{54BA8CE4-5030-44FA-99E4-FF7AFD3434C4}.Debug|x64.ActiveCfg = Debug|x64
		{54BA8CE4-5030-44FA-99E4-FF7AFD3434C4}.Debug|x64.Build.0 = Debug|x64
		{54BA8CE4-5030-44FA-99E4-FF7AFD3434C4}.Debug|x86.ActiveCfg = Debug|Win32
		{54BA8CE4-5030-44FA-99E4-FF7AFD3434C4}.Debug|x86.Build.0 = Debug|Win32
		{54BA8CE4-5030-44FA-99E4-FF7AFD3434C4}.Release|x64.ActiveCfg = Release|x64
		{54BA8CE4-5030-44FA-99E4-FF7AFD3434C4}.Release|x64.Build.0 = Release|x64
		{54BA8CE4-5030-44FA-99E4-FF7AFD3434C4}.Release|x86.ActiveCfg = Release|Win32
		{54BA8CE4-5030-44FA-99E4-FF7AFD3434C4}.Release|x86.Build.0 = Release|Win32
		{3E016AA9-D139-4294-A8C1-41658492DD06}.Debug|x64.ActiveCfg = Debug|x64
		{3E016AA9-D139-4294-A8C1-41658492DD06}.Debug|x64.Build.0 = Debug|x64
		{3E016AA9-D139-4294-A8C1-41658492DD06}.Debug|x86.ActiveCfg = Debug|Win32
		{3E016AA9-D139-4294-A8C1-41658492DD06}.Debug|x86.Build.0 = Debug|Win32
		{3E016AA9-D139-4294-A8C1-41658492DD06}.Release|x64.ActiveCfg = Release|x64
		{3E016AA9-D139-4294-A8C1-41658492DD06}.Release|x64.Build.0 = Release|x64
		{3E016AA9-D139-4294-A8C1-41658492DD06}.Release|x86.ActiveCfg = Release|Win32
		{3E016AA9-D139-4294-A8C1-41658492DD06}.Release|x86.Build.0 = Release|Win32
	EndGlobalSection
	GlobalSection(SolutionProperties) = preSolution
		HideSolutionNode = FALSE
	EndGlobalSection
EndGlobal
